
Microsoft Visual Studio Solution File, Format Version 12.00
# Visual Studio 2012
Project("{159641D6-6404-4A2A-AE62-294DE0FE8301}") = "SSIS_1542087", "SSIS_1542087\SSIS_1542087.dtproj", "{9563B304-55CB-4BF2-8A8E-6A3F191C2838}"
EndProject
Global
	GlobalSection(SolutionConfigurationPlatforms) = preSolution
		Development|Default = Development|Default
	EndGlobalSection
	GlobalSection(ProjectConfigurationPlatforms) = postSolution
		{9563B304-55CB-4BF2-8A8E-6A3F191C2838}.Development|Default.ActiveCfg = Development
		{9563B304-55CB-4BF2-8A8E-6A3F191C2838}.Development|Default.Build.0 = Development
	EndGlobalSection
	GlobalSection(SolutionProperties) = preSolution
		HideSolutionNode = FALSE
	EndGlobalSection
EndGlobal
